
Microsoft Visual Studio Solution File, Format Version 12.00
# Visual Studio 15
VisualStudioVersion = 15.0.27703.2042
MinimumVisualStudioVersion = 10.0.40219.1
Project("{FAE04EC0-301F-11D3-BF4B-00C04F79EFBC}") = "KemijskiSpojApp", "KemijskiSpojApp\KemijskiSpojApp.csproj", "{4BAB2A78-5C1F-4DDF-93A1-B522E83F327F}"
EndProject
Global
	GlobalSection(SolutionConfigurationPlatforms) = preSolution
		Debug|Any CPU = Debug|Any CPU
		Release|Any CPU = Release|Any CPU
	EndGlobalSection
	GlobalSection(ProjectConfigurationPlatforms) = postSolution
		{4BAB2A78-5C1F-4DDF-93A1-B522E83F327F}.Debug|Any CPU.ActiveCfg = Debug|Any CPU
		{4BAB2A78-5C1F-4DDF-93A1-B522E83F327F}.Debug|Any CPU.Build.0 = Debug|Any CPU
		{4BAB2A78-5C1F-4DDF-93A1-B522E83F327F}.Release|Any CPU.ActiveCfg = Release|Any CPU
		{4BAB2A78-5C1F-4DDF-93A1-B522E83F327F}.Release|Any CPU.Build.0 = Release|Any CPU
	EndGlobalSection
	GlobalSection(SolutionProperties) = preSolution
		HideSolutionNode = FALSE
	EndGlobalSection
	GlobalSection(ExtensibilityGlobals) = postSolution
		SolutionGuid = {189CDF0A-346E-491A-ADDD-7B3A1F1D23DA}
	EndGlobalSection
EndGlobal
